dependencies:
  idf:
    component_hash: null
    source:
      type: idf
    version: 5.1.0
  lvgl/lvgl:
    component_hash: 2567762b19953712ee38789ad8f8de57ad1f6e39283adefbbfc7184ffe662831
    source:
      service_url: https://api.components.espressif.com/
      type: service
    version: 8.2.0
manifest_hash: e0c3891bdb8c5a7fe2155d190ae8d8f1491ba389f8fb14301785a1cbf40529d9
target: esp32s3
version: 1.0.0
