dependencies:
  idf:
    component_hash: null
    source:
      type: idf
    version: 5.1.0
  lvgl/lvgl:
    component_hash: 2567762b19953712ee38789ad8f8de57ad1f6e39283adefbbfc7184ffe662831
    source:
      service_url: https://api.components.espressif.com/
      type: service
    version: 8.2.0
manifest_hash: 8ad2cdf8cfd40fc2a1175f1aa2638c48656e0e687acca9e5747da54ded8e1123
target: esp32s3
version: 1.0.0
